
Microsoft Visual Studio Solution File, Format Version 12.00
# Visual Studio Version 17
VisualStudioVersion = 17.8.34525.116
MinimumVisualStudioVersion = 10.0.40219.1
Project("{FAE04EC0-301F-11D3-BF4B-00C04F79EFBC}") = "EjercicioParcialWebApi", "EjercicioParcialWebApi\EjercicioParcialWebApi.csproj", "{1A8B5A84-2092-4A95-B1F0-CE1309695DDE}"
EndProject
Project("{FAE04EC0-301F-11D3-BF4B-00C04F79EFBC}") = "ComercioLIB", "ComercioLIB\ComercioLIB.csproj", "{2E8325D5-C1A4-4CB6-87F9-4F2353DC9133}"
EndProject
Global
	GlobalSection(SolutionConfigurationPlatforms) = preSolution
		Debug|Any CPU = Debug|Any CPU
		Release|Any CPU = Release|Any CPU
	EndGlobalSection
	GlobalSection(ProjectConfigurationPlatforms) = postSolution
		{1A8B5A84-2092-4A95-B1F0-CE1309695DDE}.Debug|Any CPU.ActiveCfg = Debug|Any CPU
		{1A8B5A84-2092-4A95-B1F0-CE1309695DDE}.Debug|Any CPU.Build.0 = Debug|Any CPU
		{1A8B5A84-2092-4A95-B1F0-CE1309695DDE}.Release|Any CPU.ActiveCfg = Release|Any CPU
		{1A8B5A84-2092-4A95-B1F0-CE1309695DDE}.Release|Any CPU.Build.0 = Release|Any CPU
		{2E8325D5-C1A4-4CB6-87F9-4F2353DC9133}.Debug|Any CPU.ActiveCfg = Debug|Any CPU
		{2E8325D5-C1A4-4CB6-87F9-4F2353DC9133}.Debug|Any CPU.Build.0 = Debug|Any CPU
		{2E8325D5-C1A4-4CB6-87F9-4F2353DC9133}.Release|Any CPU.ActiveCfg = Release|Any CPU
		{2E8325D5-C1A4-4CB6-87F9-4F2353DC9133}.Release|Any CPU.Build.0 = Release|Any CPU
	EndGlobalSection
	GlobalSection(SolutionProperties) = preSolution
		HideSolutionNode = FALSE
	EndGlobalSection
	GlobalSection(ExtensibilityGlobals) = postSolution
		SolutionGuid = {CB2EE58E-E04C-4A9D-A96B-9F9ABFED23AB}
	EndGlobalSection
EndGlobal
